# This file may be used to create an environment using:
# $ conda create --name <env> --file <this file>
# platform: linux-64
# created-by: conda 26.1.0
@EXPLICIT
https://conda.anaconda.org/conda-forge/noarch/ca-certificates-2026.1.4-hbd8a1cb_0.conda#bddacf101bb4dd0e51811cb69c7790e2
https://conda.anaconda.org/conda-forge/noarch/font-ttf-dejavu-sans-mono-2.37-hab24e00_0.tar.bz2#0c96522c6bdaed4b1566d11387caaf45
https://conda.anaconda.org/conda-forge/noarch/font-ttf-inconsolata-3.000-h77eed37_0.tar.bz2#34893075a5c9e55cdafac56607368fc6
https://conda.anaconda.org/conda-forge/noarch/font-ttf-source-code-pro-2.038-h77eed37_0.tar.bz2#4d59c254e01d9cde7957100457e2d5fb
https://conda.anaconda.org/conda-forge/noarch/font-ttf-ubuntu-0.83-h77eed37_3.conda#49023d73832ef61042f6a237cb2687e7
https://conda.anaconda.org/conda-forge/linux-64/git-lfs-3.7.1-ha8f183a_1.conda#185f332b1a60ed24701358bb3c21aee2
https://conda.anaconda.org/conda-forge/linux-64/hicolor-icon-theme-0.17-ha770c72_3.conda#129e404c5b001f3ef5581316971e3ea0
https://conda.anaconda.org/conda-forge/noarch/kernel-headers_linux-64-4.18.0-he073ed8_9.conda#86d9cba083cd041bfbf242a01a7a1999
https://conda.anaconda.org/conda-forge/noarch/libgcc-devel_linux-64-14.3.0-hf649bbc_117.conda#50d5470d29a25808d108d3917426d24b
https://conda.anaconda.org/conda-forge/linux-64/libglvnd-1.7.0-ha4b6fd6_2.conda#434ca7e50e40f4918ab701e3facd59a0
https://conda.anaconda.org/conda-forge/linux-64/libgomp-15.2.0-he0feb66_17.conda#51b78c6a757575c0d12f4401ffc67029
https://conda.anaconda.org/conda-forge/linux-64/libopentelemetry-cpp-headers-1.21.0-ha770c72_2.conda#253e70376a8ae74f9d99d44712b3e087
https://conda.anaconda.org/conda-forge/noarch/libstdcxx-devel_linux-64-14.3.0-h9f08a49_117.conda#97f8b7e451f960200c057ca83d92f9be
https://conda.anaconda.org/conda-forge/noarch/mpi-1.0.1-openmpi.conda#78b827d2852c67c68cd5b2c55f31e376
https://conda.anaconda.org/conda-forge/linux-64/nlohmann_json-3.12.0-h54a6638_1.conda#16c2a0e9c4a166e53632cfca4f68d020
https://conda.anaconda.org/conda-forge/noarch/python_abi-3.14-8_cp314.conda#0539938c55b6b1a59b560e843ad864a4
https://conda.anaconda.org/conda-forge/noarch/tzdata-2025c-hc9c84f9_1.conda#ad659d0a2b3e47e38d829aa8cad2d610
https://conda.anaconda.org/conda-forge/linux-64/_openmp_mutex-4.5-20_gnu.conda#a9f577daf3de00bca7c3c76c0ecbd1de
https://conda.anaconda.org/conda-forge/noarch/fonts-conda-forge-1-hc364b38_1.conda#a7970cd949a077b7cb9696379d338681
https://conda.anaconda.org/conda-forge/linux-64/libegl-1.7.0-ha4b6fd6_2.conda#c151d5eb730e9b7480e6d48c0fc44048
https://conda.anaconda.org/conda-forge/noarch/sysroot_linux-64-2.28-h4ee821c_9.conda#13dc3adbc692664cd3beabd216434749
https://conda.anaconda.org/conda-forge/noarch/fonts-conda-ecosystem-1-0.tar.bz2#fee5683a3f04bd15cbd8318b096a27ab
https://conda.anaconda.org/conda-forge/linux-64/libgcc-15.2.0-he0feb66_17.conda#3c281169ea25b987311400d7a7e28445
https://conda.anaconda.org/conda-forge/linux-64/attr-2.5.2-h39aace5_0.conda#791365c5f65975051e4e017b5da3abf5
https://conda.anaconda.org/conda-forge/linux-64/aws-c-common-0.12.6-hb03c661_0.conda#e36ad70a7e0b48f091ed6902f04c23b8
https://conda.anaconda.org/conda-forge/linux-64/bzip2-1.0.8-hda65f42_8.conda#51a19bba1b8ebfb60df25cde030b7ebc
https://conda.anaconda.org/conda-forge/linux-64/c-ares-1.34.6-hb03c661_0.conda#920bb03579f15389b9e512095ad995b7
https://conda.anaconda.org/conda-forge/linux-64/fribidi-1.0.16-hb03c661_0.conda#f9f81ea472684d75b9dd8d0b328cf655
https://conda.anaconda.org/conda-forge/linux-64/keyutils-1.6.3-hb9d3cd8_0.conda#b38117a3c920364aff79f870c984b4a3
https://conda.anaconda.org/conda-forge/linux-64/libbrotlicommon-1.2.0-hb03c661_1.conda#72c8fd1af66bd67bf580645b426513ed
https://conda.anaconda.org/conda-forge/linux-64/libcxxabi-21.1.8-h9fd08b6_2.conda#f5e48cb79702a7d5a7fd395f8e3bbd4d
https://conda.anaconda.org/conda-forge/linux-64/libdeflate-1.25-h17f619e_0.conda#6c77a605a7a689d17d4819c0f8ac9a00
https://conda.anaconda.org/conda-forge/linux-64/libexpat-2.7.1-hecca717_0.conda#4211416ecba1866fab0c6470986c22d6
https://conda.anaconda.org/conda-forge/linux-64/libffi-3.5.2-h3435931_0.conda#a360c33a5abe61c07959e449fa1453eb
https://conda.anaconda.org/conda-forge/linux-64/libgcc-ng-15.2.0-h69a702a_17.conda#1478bfa85224a65ab096d69ffd2af1e5
https://conda.anaconda.org/conda-forge/linux-64/libgfortran5-15.2.0-h68bc16d_17.conda#202fdf8cad9eea704c2b0d823d1732bf
https://conda.anaconda.org/conda-forge/linux-64/libiconv-1.18-h3b78370_2.conda#915f5995e94f60e9a4826e0b0920ee88
https://conda.anaconda.org/conda-forge/linux-64/libjpeg-turbo-3.1.2-hb03c661_0.conda#8397539e3a0bbd1695584fb4f927485a
https://conda.anaconda.org/conda-forge/linux-64/libltdl-2.4.3a-h5888daf_0.conda#8e5de39cab514fa908fcaa7ba37a8738
https://conda.anaconda.org/conda-forge/linux-64/liblzma-5.8.2-hb03c661_0.conda#c7c83eecbb72d88b940c249af56c8b17
https://conda.anaconda.org/conda-forge/linux-64/libmpdec-4.0.0-hb03c661_1.conda#2c21e66f50753a083cbe6b80f38268fa
https://conda.anaconda.org/conda-forge/linux-64/libnl-3.11.0-hb9d3cd8_0.conda#db63358239cbe1ff86242406d440e44a
https://conda.anaconda.org/conda-forge/linux-64/libntlm-1.8-hb9d3cd8_0.conda#7c7927b404672409d9917d49bff5f2d6
https://conda.anaconda.org/conda-forge/linux-64/libpciaccess-0.18-hb9d3cd8_0.conda#70e3400cbbfa03e96dcde7fc13e38c7b
https://conda.anaconda.org/conda-forge/linux-64/libsodium-1.0.21-h280c20c_3.conda#7af961ef4aa2c1136e11dd43ded245ab
https://conda.anaconda.org/conda-forge/linux-64/libstdcxx-15.2.0-h934c35e_17.conda#24c2fe35fa45cd71214beba6f337c071
https://conda.anaconda.org/conda-forge/linux-64/libtirpc-1.3.7-h280c20c_1.conda#266ecd69ade85c97160e8f16e58a5054
https://conda.anaconda.org/conda-forge/linux-64/libutf8proc-2.11.3-hfe17d71_0.conda#1247168fe4a0b8912e3336bccdbf98a5
https://conda.anaconda.org/conda-forge/linux-64/libuuid-2.41.3-h5347b49_0.conda#db409b7c1720428638e7c0d509d3e1b5
https://conda.anaconda.org/conda-forge/linux-64/libuv-1.51.0-hb03c661_1.conda#0f03292cc56bf91a077a134ea8747118
https://conda.anaconda.org/conda-forge/linux-64/libwebp-base-1.6.0-hd42ef1d_0.conda#aea31d2e5b1091feca96fcfe945c3cf9
https://conda.anaconda.org/conda-forge/linux-64/libzlib-1.3.1-hb9d3cd8_2.conda#edb0dca6bc32e4f4789199455a1dbeb8
https://conda.anaconda.org/conda-forge/linux-64/m4-1.4.21-hb03c661_0.conda#2c0696bb8251b054469ef84cc8953294
https://conda.anaconda.org/conda-forge/linux-64/make-4.4.1-hb9d3cd8_2.conda#33405d2a66b1411db9f7242c8b97c9e7
https://conda.anaconda.org/conda-forge/linux-64/ncurses-6.5-h2d0b736_3.conda#47e340acb35de30501a76c7c799c41d7
https://conda.anaconda.org/conda-forge/linux-64/openssl-3.6.1-h35e630c_1.conda#f61eb8cd60ff9057122a3d338b99c00f
https://conda.anaconda.org/conda-forge/linux-64/pthread-stubs-0.4-hb9d3cd8_1002.conda#b3c17d95b5a10c6e64a21fa17573e70e
https://conda.anaconda.org/conda-forge/linux-64/rav1e-0.8.1-h1fbca29_0.conda#d83958768626b3c8471ce032e28afcd3
https://conda.anaconda.org/conda-forge/linux-64/rhash-1.4.6-hb9d3cd8_1.conda#c1c9b02933fdb2cfb791d936c20e887e
https://conda.anaconda.org/conda-forge/linux-64/xorg-libice-1.1.2-hb9d3cd8_0.conda#fb901ff28063514abb6046c9ec2c4a45
https://conda.anaconda.org/conda-forge/linux-64/xorg-libxau-1.0.12-hb03c661_1.conda#b2895afaf55bf96a8c8282a2e47a5de0
https://conda.anaconda.org/conda-forge/linux-64/xorg-libxdmcp-1.1.5-hb03c661_1.conda#1dafce8548e38671bea82e3f5c6ce22f
https://conda.anaconda.org/conda-forge/linux-64/xorg-xorgproto-2025.1-hb03c661_0.conda#aa8d21be4b461ce612d8f5fb791decae
https://conda.anaconda.org/conda-forge/linux-64/yaml-0.2.5-h280c20c_3.conda#a77f85f77be52ff59391544bfe73390a
https://conda.anaconda.org/conda-forge/linux-64/aws-c-cal-0.9.13-h2c9d079_1.conda#3c3d02681058c3d206b562b2e3bc337f
https://conda.anaconda.org/conda-forge/linux-64/aws-c-compression-0.3.2-h8b1a151_0.conda#f16f498641c9e05b645fe65902df661a
https://conda.anaconda.org/conda-forge/linux-64/aws-c-sdkutils-0.2.4-h8b1a151_4.conda#c7e3e08b7b1b285524ab9d74162ce40b
https://conda.anaconda.org/conda-forge/linux-64/aws-checksums-0.2.10-h8b1a151_0.conda#f8e1bcc5c7d839c5882e94498791be08
https://conda.anaconda.org/conda-forge/linux-64/charls-2.4.3-hecca717_0.conda#937ca49a245fcf2b88d51b6b52959426
https://conda.anaconda.org/conda-forge/linux-64/dav1d-1.2.1-hd590300_0.conda#418c6ca5929a611cbd69204907a83995
https://conda.anaconda.org/conda-forge/linux-64/gflags-2.2.2-h5888daf_1005.conda#d411fc29e338efb48c5fd4576d71d881
https://conda.anaconda.org/conda-forge/linux-64/giflib-5.2.2-hd590300_0.conda#3bf7b9fd5a7136126e0234db4b87c8b6
https://conda.anaconda.org/conda-forge/linux-64/graphite2-1.3.14-hecca717_2.conda#2cd94587f3a401ae05e03a6caf09539d
https://conda.anaconda.org/conda-forge/linux-64/jxrlib-1.1-hd590300_3.conda#5aeabe88534ea4169d4c49998f293d6c
https://conda.anaconda.org/conda-forge/linux-64/lerc-4.1.0-hdb68285_0.conda#a752488c68f2e7c456bcbd8f16eec275
https://conda.anaconda.org/conda-forge/linux-64/libabseil-20260107.1-cxx17_h7b12aa8_0.conda#6f7b4302263347698fd24565fbf11310
https://conda.anaconda.org/conda-forge/linux-64/libaec-1.1.5-h088129d_0.conda#86f7414544ae606282352fa1e116b41f
https://conda.anaconda.org/conda-forge/linux-64/libbrotlidec-1.2.0-hb03c661_1.conda#366b40a69f0ad6072561c1d09301c886
https://conda.anaconda.org/conda-forge/linux-64/libbrotlienc-1.2.0-hb03c661_1.conda#4ffbb341c8b616aa2494b6afb26a0c5f
https://conda.anaconda.org/conda-forge/linux-64/libcap-2.77-h3ff7636_0.conda#09c264d40c67b82b49a3f3b89037bd2e
https://conda.anaconda.org/conda-forge/linux-64/libcxx-21.1.8-ha0f52bf_2.conda#e5c9c5f6348f205d2ec9672409dbe4b2
https://conda.anaconda.org/conda-forge/linux-64/libdrm-2.4.125-hb03c661_1.conda#9314bc5a1fe7d1044dc9dfd3ef400535
https://conda.anaconda.org/conda-forge/linux-64/libedit-3.1.20250104-pl5321h7949ede_0.conda#c277e0a4d549b03ac1e9d6cbbe3d017b
https://conda.anaconda.org/conda-forge/linux-64/libev-4.33-hd590300_2.conda#172bf1cd1ff8629f2b1179945ed45055
https://conda.anaconda.org/conda-forge/linux-64/libevent-2.1.12-hf998b51_1.conda#a1cfcc585f0c42bf8d5546bb1dfb668d
https://conda.anaconda.org/conda-forge/linux-64/libgfortran-15.2.0-h69a702a_17.conda#a6c682ac611cb1fa4d73478f9e6efb06
https://conda.anaconda.org/conda-forge/linux-64/libhwy-1.3.0-h4c17acf_1.conda#c2a0c1d0120520e979685034e0b79859
https://conda.anaconda.org/conda-forge/linux-64/libpng-1.6.55-h421ea60_0.conda#5f13ffc7d30ffec87864e678df9957b4
https://conda.anaconda.org/conda-forge/linux-64/libsanitizer-14.3.0-h8f1669f_17.conda#5edfb6baf1af52fa7c0a7072a42d1558
https://conda.anaconda.org/conda-forge/linux-64/libsqlite-3.52.0-h0c1763c_0.conda#a7bda2babcbb004443cb1c0be9a8c353
https://conda.anaconda.org/conda-forge/linux-64/libssh2-1.11.1-hcf80075_0.conda#eecce068c7e4eddeb169591baac20ac4
https://conda.anaconda.org/conda-forge/linux-64/libstdcxx-ng-15.2.0-hdf11a46_17.conda#ea12f5a6bf12c88c06750d9803e1a570
https://conda.anaconda.org/conda-forge/linux-64/libtool-2.5.4-h5888daf_0.conda#90697d80c181414aa3472199e136a04e
https://conda.anaconda.org/conda-forge/linux-64/libxcb-1.17.0-h8a09558_0.conda#92ed62436b625154323d40d5f2f11dd7
https://conda.anaconda.org/conda-forge/linux-64/libxcrypt-4.4.36-hd590300_1.conda#5aa797f8787fe7a17d1b0821485b5adc
https://conda.anaconda.org/conda-forge/linux-64/lz4-c-1.10.0-h5888daf_1.conda#9de5350a85c4a20c685259b889aa6393
https://conda.software.inl.gov/public/linux-64/moose-wasp-base-2025.09.19_02960f1-build_4.conda#63e016600993cf6fdea4697c7b6dc342
https://conda.anaconda.org/conda-forge/linux-64/pcre2-10.47-haa7fec5_0.conda#7a3bff861a6583f1889021facefc08b1
https://conda.anaconda.org/conda-forge/linux-64/pixman-0.46.4-h54a6638_1.conda#c01af13bdc553d1a8fbfff6e8db075f0
https://conda.anaconda.org/conda-forge/linux-64/pkg-config-0.29.2-h4bc722e_1009.conda#1bee70681f504ea424fb07cdb090c001
https://conda.anaconda.org/conda-forge/linux-64/readline-8.3-h853b02a_0.conda#d7d95fc8287ea7bf33e0e7116d2b95ec
https://conda.anaconda.org/conda-forge/linux-64/s2n-1.7.1-h1cbb8d7_1.conda#9d978822b57bafe72ebd3f8b527bba71
https://conda.anaconda.org/conda-forge/linux-64/snappy-1.2.2-h03e3b7b_1.conda#98b6c9dc80eb87b2519b97bcf7e578dd
https://conda.anaconda.org/conda-forge/linux-64/svt-av1-4.0.1-hecca717_0.conda#2a2170a3e5c9a354d09e4be718c43235
https://conda.anaconda.org/conda-forge/linux-64/tk-8.6.13-noxft_h366c992_103.conda#cffd3bdd58090148f4cfcd831f4b26ab
https://conda.anaconda.org/conda-forge/linux-64/wayland-1.24.0-hd6090a7_1.conda#035da2e4f5770f036ff704fa17aace24
https://conda.anaconda.org/conda-forge/linux-64/xorg-libsm-1.2.6-he73a12e_0.conda#1c74ff8c35dcadf952a16f752ca5aa49
https://conda.anaconda.org/conda-forge/linux-64/zfp-1.0.1-h909a3a2_5.conda#6a0eb48e58684cca4d7acc8b7a0fd3c7
https://conda.anaconda.org/conda-forge/linux-64/zlib-1.3.1-hb9d3cd8_2.conda#c9f075ab2f33b3bbee9e62d4ad0a6cd8
https://conda.anaconda.org/conda-forge/linux-64/zlib-ng-2.3.3-hceb46e0_1.conda#2aadb0d17215603a82a2a6b0afd9a4cb
https://conda.anaconda.org/conda-forge/linux-64/zstd-1.5.7-hb78ec9c_6.conda#4a13eeac0b5c8e5b8ab496e6c4ddd829
https://conda.anaconda.org/conda-forge/linux-64/aom-3.9.1-hac33072_0.conda#346722a0be40f6edc53f12640d301338
https://conda.anaconda.org/conda-forge/linux-64/aws-c-io-0.26.1-hc87160b_2.conda#3a7d90d34895728f0b69107602b6e189
https://conda.anaconda.org/conda-forge/linux-64/blosc-1.21.6-he440d0b_1.conda#2c2fae981fd2afd00812c92ac47d023d
https://conda.anaconda.org/conda-forge/linux-64/brotli-bin-1.2.0-hb03c661_1.conda#af39b9a8711d4a8d437b52c1d78eb6a1
https://conda.anaconda.org/conda-forge/linux-64/brunsli-0.1-hd1e3526_2.conda#5948f4fead433c6e5c46444dbfb01162
https://conda.anaconda.org/conda-forge/linux-64/c-blosc2-2.23.1-hc31b594_0.conda#68ceffc6cadae61846a207cae60de094
https://conda.anaconda.org/conda-forge/linux-64/flex-2.6.4-h58526e2_1004.tar.bz2#b1029ec81c7e0969e84a8179d039a9ce
https://conda.anaconda.org/conda-forge/linux-64/glog-0.7.1-hbabe93e_0.conda#ff862eebdfeb2fd048ae9dc92510baca
https://conda.anaconda.org/conda-forge/linux-64/gmp-6.3.0-hac33072_2.conda#c94a5994ef49749880a8139cf9afcbe1
https://conda.anaconda.org/conda-forge/linux-64/icu-75.1-he02047a_0.conda#8b189310083baabfb622af68fd9d3ae3
https://conda.anaconda.org/conda-forge/linux-64/krb5-1.21.3-h659f571_0.conda#3f43953b7d3fb3aaa1d0d0723d91e368
https://conda.anaconda.org/conda-forge/linux-64/ld_impl_linux-64-2.45.1-default_hbd61a6d_101.conda#12bd9a3f089ee6c9266a37dab82afabd
https://conda.anaconda.org/conda-forge/linux-64/libcrc32c-1.1.2-h9c3ff4c_0.tar.bz2#c965a5aa0d5c1c37ffc62dff36e28400
https://conda.anaconda.org/conda-forge/linux-64/libfreetype6-2.14.2-h73754d4_0.conda#8eaba3d1a4d7525c6814e861614457fd
https://conda.anaconda.org/conda-forge/linux-64/libglib-2.86.4-h6548e54_1.conda#bb26456332b07f68bf3b7622ed71c0da
https://conda.anaconda.org/conda-forge/linux-64/libjxl-0.11.2-ha09017c_0.conda#1df8c1b1d6665642107883685db6cf37
https://conda.anaconda.org/conda-forge/linux-64/libnghttp2-1.67.0-had1ee68_0.conda#b499ce4b026493a13774bcf0f4c33849
https://conda.anaconda.org/conda-forge/linux-64/libopenblas-0.3.30-pthreads_h94d23a6_4.conda#be43915efc66345cccb3c310b6ed0374
https://conda.anaconda.org/conda-forge/linux-64/libprotobuf-6.33.5-h2b00c02_0.conda#11ac478fa72cf12c214199b8a96523f4
https://conda.anaconda.org/conda-forge/linux-64/libre2-11-2025.11.05-h0dc7533_1.conda#ced7f10b6cfb4389385556f47c0ad949
https://conda.anaconda.org/conda-forge/linux-64/libsystemd0-257.10-hd0affe5_4.conda#1d4c18d75c51ed9d00092a891a547a7d
https://conda.anaconda.org/conda-forge/linux-64/libthrift-0.22.0-h454ac66_1.conda#8ed82d90e6b1686f5e98f8b7825a15ef
https://conda.anaconda.org/conda-forge/linux-64/libtiff-4.7.1-h9d88235_1.conda#cd5a90476766d53e901500df9215e927
https://conda.anaconda.org/conda-forge/linux-64/libudev1-257.10-hd0affe5_4.conda#6c74fba677b61a0842cbf0f63eee683b
https://conda.anaconda.org/conda-forge/linux-64/libzopfli-1.0.3-h9c3ff4c_0.tar.bz2#c66fe2d123249af7651ebde8984c51c2
https://conda.software.inl.gov/public/linux-64/moose-wasp-2025.09.19_02960f1-build_4.conda#1711d1a42fa52ef8d9597bfaacf54508
https://conda.anaconda.org/conda-forge/linux-64/perl-5.32.1-7_hd590300_perl5.conda#f2cfec9406850991f4e3d960cc9e3321
https://conda.anaconda.org/conda-forge/linux-64/qhull-2020.2-h434a139_5.conda#353823361b1d27eb3960efb076dfcaf6
https://conda.anaconda.org/conda-forge/linux-64/xorg-libx11-1.8.13-he1eb515_0.conda#861fb6ccbc677bb9a9fb2468430b9c6a
https://conda.anaconda.org/conda-forge/linux-64/atk-1.0-2.38.0-h04ea711_2.conda#f730d54ba9cd543666d7220c9f7ed563
https://conda.anaconda.org/conda-forge/linux-64/autoconf-2.72-pl5321hbb4ee43_1.conda#61a406051317df9dd63157c4c53899e6
https://conda.anaconda.org/conda-forge/linux-64/aws-c-event-stream-0.5.9-h841be55_2.conda#7e1ea1a67435a32e04305fda877acd1e
https://conda.anaconda.org/conda-forge/linux-64/aws-c-http-0.10.10-hf621c6d_0.conda#977e7d3cba1ef84fc088869b292672fe
https://conda.anaconda.org/conda-forge/linux-64/binutils_impl_linux-64-2.45.1-default_hfdba357_101.conda#83aa53cb3f5fc849851a84d777a60551
https://conda.anaconda.org/conda-forge/linux-64/bison-3.4-h58526e2_1.tar.bz2#70e7d1ee90ff9a8f79fc208e64e19200
https://conda.anaconda.org/conda-forge/linux-64/brotli-1.2.0-hed03a55_1.conda#8ccf913aaba749a5496c17629d859ed1
https://conda.anaconda.org/conda-forge/linux-64/cyrus-sasl-2.1.28-hd9c7081_0.conda#cae723309a49399d2949362f4ab5c9e4
https://conda.anaconda.org/conda-forge/linux-64/dbus-1.16.2-h3c4dab8_0.conda#679616eb5ad4e521c83da4650860aba7
https://conda.anaconda.org/conda-forge/linux-64/gdk-pixbuf-2.44.5-h2b0a6b4_1.conda#7eb4977dd6f60b3aaab0715a0ea76f11
https://conda.anaconda.org/conda-forge/linux-64/glib-tools-2.86.4-hf516916_1.conda#b52b769cd13f7adaa6ccdc68ef801709
https://conda.anaconda.org/conda-forge/linux-64/gts-0.7.6-h977cf35_4.conda#4d8df0b0db060d33c9a702ada998a8fe
https://conda.anaconda.org/conda-forge/linux-64/lcms2-2.18-h0c24ade_0.conda#6f2e2c8f58160147c4d1c6f4c14cbac4
https://conda.anaconda.org/conda-forge/linux-64/libavif16-1.4.0-hcfa2d63_0.conda#e226d3dbe1e2482fd8e15cb924fd1e7c
https://conda.anaconda.org/conda-forge/linux-64/libblas-3.11.0-5_h4a7cf45_openblas.conda#c160954f7418d7b6e87eaf05a8913fa9
https://conda.anaconda.org/conda-forge/linux-64/libcups-2.3.3-hb8b1518_5.conda#d4a250da4737ee127fb1fa6452a9002e
https://conda.anaconda.org/conda-forge/linux-64/libcurl-8.18.0-h4e3cde8_0.conda#0a5563efed19ca4461cf927419b6eb73
https://conda.anaconda.org/conda-forge/linux-64/libfreetype-2.14.2-ha770c72_0.conda#26c746d14402a3b6c684d045b23b9437
https://conda.anaconda.org/conda-forge/linux-64/libglx-1.7.0-ha4b6fd6_2.conda#c8013e438185f33b13814c5c488acd5c
https://conda.anaconda.org/conda-forge/linux-64/libxml2-16-2.15.1-ha9997c6_0.conda#e7733bc6785ec009e47a224a71917e84
https://conda.anaconda.org/conda-forge/linux-64/mpfr-4.2.2-he0a73b1_0.conda#85ce2ffa51ab21da5efa4a9edc5946aa
https://conda.anaconda.org/conda-forge/linux-64/openjpeg-2.5.4-h55fea9a_0.conda#11b3379b191f63139e29c0d19dee24cd
https://conda.anaconda.org/conda-forge/linux-64/openjph-0.26.3-h8d634f6_0.conda#792d5b6e99677177f5527a758a02bc07
https://conda.anaconda.org/conda-forge/linux-64/orc-2.3.0-h21090e2_0.conda#8027fce94fdfdf2e54f9d18cbae496df
https://conda.anaconda.org/conda-forge/linux-64/python-3.14.0-h32b2ec7_102_cp314.conda#0a19d2cc6eb15881889b0c6fa7d6a78d
https://conda.anaconda.org/conda-forge/linux-64/rdma-core-61.0-h192683f_0.conda#d487d93d170e332ab39803e05912a762
https://conda.anaconda.org/conda-forge/linux-64/re2-2025.11.05-h5301d42_1.conda#66a715bc01c77d43aca1f9fcb13dde3c
https://conda.anaconda.org/conda-forge/linux-64/xkeyboard-config-2.47-hb03c661_0.conda#b56e0c8432b56decafae7e78c5f29ba5
https://conda.anaconda.org/conda-forge/linux-64/xorg-libxext-1.3.7-hb03c661_0.conda#34e54f03dfea3e7a2dcf1453a85f1085
https://conda.anaconda.org/conda-forge/linux-64/xorg-libxfixes-6.0.2-hb03c661_0.conda#ba231da7fccf9ea1e768caf5c7099b84
https://conda.anaconda.org/conda-forge/linux-64/xorg-libxrender-0.9.12-hb9d3cd8_0.conda#96d57aba173e878a2089d5638016dc5e
https://conda.anaconda.org/conda-forge/linux-64/astroid-4.0.4-py314hdafbbf9_0.conda#bc30c5eab5cb4daeff7931dd6523e1d7
https://conda.anaconda.org/conda-forge/linux-64/automake-1.16.5-pl5321ha770c72_0.tar.bz2#a080bab94ace15a29b24b0e85ce58ba0
https://conda.anaconda.org/conda-forge/linux-64/aws-c-auth-0.9.6-hb9c0fe4_1.conda#b1143a5b5a03ee174b3f3f7c49df3c09
https://conda.anaconda.org/conda-forge/linux-64/aws-c-mqtt-0.14.0-ha25ca29_1.conda#a827b063719f5aac504d06ac77cc3125
https://conda.anaconda.org/conda-forge/linux-64/azure-core-cpp-1.16.2-h206d751_0.conda#5492abf806c45298ae642831c670bba0
https://conda.anaconda.org/conda-forge/noarch/backports.zstd-1.3.0-py314h680f03e_0.conda#a2ac7763a9ac75055b68f325d3255265
https://conda.anaconda.org/conda-forge/linux-64/bcrypt-5.0.0-py314h2e6c369_1.conda#6f7d83cec0fff00ca9a772034411fa12
https://conda.anaconda.org/conda-forge/linux-64/binutils_linux-64-2.45.1-default_h4852527_101.conda#dec96579f9a7035a59492bf6ee613b53
https://conda.anaconda.org/conda-forge/linux-64/brotli-python-1.2.0-py314h3de4e8d_1.conda#8910d2c46f7e7b519129f486e0fe927a
https://conda.anaconda.org/conda-forge/noarch/cached_property-1.5.2-pyha770c72_1.tar.bz2#576d629e47797577ab0f1b351297ef4a
https://conda.anaconda.org/conda-forge/noarch/certifi-2026.2.25-pyhd8ed1ab_0.conda#765c4d97e877cdbbb88ff33152b86125
https://conda.anaconda.org/conda-forge/noarch/charset-normalizer-3.4.6-pyhd8ed1ab_0.conda#49ee13eb9b8f44d63879c69b8a40a74b
https://conda.anaconda.org/conda-forge/noarch/click-8.3.1-pyh8f84b5b_1.conda#ea8a6c3256897cc31263de9f455e25d9
https://conda.anaconda.org/conda-forge/linux-64/cmake-4.1.3-hc85cc9f_0.conda#21eca3ff0e576568afbce5409a92a0f8
https://conda.anaconda.org/conda-forge/noarch/colorama-0.4.6-pyhd8ed1ab_1.conda#962b9857ee8e7018c22f2776ffa0b2d7
https://conda.anaconda.org/conda-forge/noarch/cpython-3.14.3-py314hd8ed1ab_101.conda#3bb89e4f795e5414addaa531d6b1500a
https://conda.anaconda.org/conda-forge/noarch/cycler-0.12.1-pyhcf101f3_2.conda#4c2a8fef270f6c69591889b93f9f55c1
https://conda.anaconda.org/conda-forge/noarch/dill-0.4.1-pyhcf101f3_0.conda#080a808fce955026bf82107d955d32da
https://conda.anaconda.org/conda-forge/linux-64/freetype-2.14.2-ha770c72_0.conda#eeec961fec28e747e1e1dc0446277452
https://conda.anaconda.org/conda-forge/noarch/future-1.0.0-pyhd8ed1ab_2.conda#1054c53c95d85e35b88143a3eda66373
https://conda.anaconda.org/conda-forge/linux-64/gcc_impl_linux-64-14.3.0-hb1e0a52_17.conda#f5c501fe2a016ed0103f7a89d2ac0412
https://conda.anaconda.org/conda-forge/noarch/hpack-4.1.0-pyhd8ed1ab_0.conda#0a802cb9888dd14eeefc611f05c40b6e
https://conda.anaconda.org/conda-forge/noarch/hyperframe-6.1.0-pyhd8ed1ab_0.conda#8e6923fc12f1fe8f8c4e5c9f343256ac
https://conda.anaconda.org/conda-forge/noarch/idna-3.11-pyhd8ed1ab_0.conda#53abe63df7e10a6ba605dc5f9f961d36
https://conda.anaconda.org/conda-forge/noarch/iniconfig-2.3.0-pyhd8ed1ab_0.conda#9614359868482abba1bd15ce465e3c42
https://conda.anaconda.org/conda-forge/noarch/invoke-2.2.1-pyhd8ed1ab_0.conda#3a804714ed59be1969ffca10f703ec2a
https://conda.anaconda.org/conda-forge/linux-64/kiwisolver-1.5.0-py314h97ea11e_0.conda#7397e418cab519b8d789936cf2dde6f6
https://conda.anaconda.org/conda-forge/linux-64/libcblas-3.11.0-5_h0358290_openblas.conda#6636a2b6f1a87572df2970d3ebc87cc0
https://conda.anaconda.org/conda-forge/linux-64/libfabric1-2.4.0-h8f87c3e_1.conda#c5fc7dbc3dbabcae1eec5d6c62251df8
https://conda.anaconda.org/conda-forge/linux-64/libgl-1.7.0-ha4b6fd6_2.conda#928b8be80851f5d8ffb016f9c81dae7a
https://conda.anaconda.org/conda-forge/linux-64/libglx-devel-1.7.0-ha4b6fd6_2.conda#27ac5ae872a21375d980bd4a6f99edf3
https://conda.anaconda.org/conda-forge/linux-64/libgrpc-1.78.0-h1d1128b_1.conda#66055700c90b50c0405a4e515bb4fe3c
https://conda.anaconda.org/conda-forge/linux-64/liblapack-3.11.0-5_h47877c9_openblas.conda#b38076eb5c8e40d0106beda6f95d7609
https://conda.anaconda.org/conda-forge/linux-64/libxml2-2.15.1-h26afc86_0.conda#e512be7dc1f84966d50959e900ca121f
https://conda.anaconda.org/conda-forge/linux-64/markupsafe-3.0.3-py314h67df5f8_1.conda#9a17c4307d23318476d7fbf0fedc0cde
https://conda.anaconda.org/conda-forge/noarch/mccabe-0.7.0-pyhd8ed1ab_1.conda#827064ddfe0de2917fb29f1da4f8f533
https://conda.anaconda.org/conda-forge/noarch/mock-5.2.0-pyhd8ed1ab_0.conda#1353e330df2cc41271afac3b0f88db28
https://conda.anaconda.org/conda-forge/linux-64/mpc-1.3.1-h24ddda3_1.conda#aa14b9a5196a6d8dd364164b7ce56acf
https://conda.anaconda.org/conda-forge/noarch/mpmath-1.4.1-pyhd8ed1ab_0.conda#2e81b32b805f406d23ba61938a184081
https://conda.anaconda.org/conda-forge/noarch/munkres-1.1.4-pyhd8ed1ab_1.conda#37293a85a0f4f77bbd9cf7aaefc62609
https://conda.anaconda.org/conda-forge/noarch/mypy_extensions-1.1.0-pyha770c72_0.conda#e9c622e0d00fa24a6292279af3ab6d06
https://conda.anaconda.org/conda-forge/noarch/narwhals-2.18.0-pyhcf101f3_0.conda#bc317f07dd82e410012684d2e3a9c06d
https://conda.anaconda.org/conda-forge/noarch/networkx-3.6.1-pyhcf101f3_0.conda#a2c1eeadae7a309daed9d62c96012a2b
https://conda.anaconda.org/conda-forge/linux-64/openldap-2.6.10-he970967_0.conda#2e5bf4f1da39c0b32778561c3c4e5878
https://conda.anaconda.org/conda-forge/noarch/orderly-set-5.5.0-pyhe01879c_0.conda#c6c25606833dc272bc08a270201821ec
https://conda.anaconda.org/conda-forge/noarch/packaging-26.0-pyhcf101f3_0.conda#b76541e68fea4d511b1ac46a28dcd2c6
https://conda.anaconda.org/conda-forge/noarch/pathspec-1.0.4-pyhd8ed1ab_0.conda#2908273ac396d2cd210a8127f5f1c0d6
https://conda.anaconda.org/conda-forge/linux-64/pillow-12.1.1-py314h8ec4b1a_0.conda#79678378ae235e24b3aa83cee1b38207
https://conda.anaconda.org/conda-forge/noarch/pip-26.0.1-pyh145f28c_0.conda#09a970fbf75e8ed1aa633827ded6aa4f
https://conda.anaconda.org/conda-forge/noarch/platformdirs-4.9.4-pyhcf101f3_0.conda#82c1787f2a65c0155ef9652466ee98d6
https://conda.anaconda.org/conda-forge/noarch/pluggy-1.6.0-pyhf9edf01_1.conda#d7585b6550ad04c8c5e21097ada2888e
https://conda.anaconda.org/conda-forge/linux-64/prometheus-cpp-1.3.0-ha5d0236_0.conda#a83f6a2fdc079e643237887a37460668
https://conda.anaconda.org/conda-forge/linux-64/psutil-7.2.2-py314h0f05182_0.conda#4f225a966cfee267a79c5cb6382bd121
https://conda.anaconda.org/conda-forge/noarch/pycparser-2.22-pyh29332c3_1.conda#12c566707c80111f9799308d9e265aef
https://conda.anaconda.org/conda-forge/noarch/pyflakes-3.4.0-pyhd8ed1ab_0.conda#dba204e749e06890aeb3756ef2b1bf35
https://conda.anaconda.org/conda-forge/noarch/pygments-2.19.2-pyhd8ed1ab_0.conda#6b6ece66ebcae2d5f326c77ef2c5a066
https://conda.anaconda.org/conda-forge/noarch/pylatexenc-2.10-pyhd8ed1ab_1.conda#93ca05ac99320ff2c95d73f5613859ff
https://conda.anaconda.org/conda-forge/noarch/pyparsing-3.3.2-pyhcf101f3_0.conda#3687cc0b82a8b4c17e1f0eb7e47163d5
https://conda.anaconda.org/conda-forge/noarch/pysocks-1.7.1-pyha55dd90_7.conda#461219d1a5bd61342293efa2c0c90eac
https://conda.anaconda.org/conda-forge/noarch/pytokens-0.3.0-pyhcf101f3_0.conda#4b1812cb7a8143ee00aef43831fb0d29
https://conda.anaconda.org/conda-forge/linux-64/pyyaml-6.0.3-py314h67df5f8_1.conda#2035f68f96be30dc60a5dfd7452c7941
https://conda.anaconda.org/conda-forge/linux-64/ruamel.yaml.clib-0.2.15-py314h0f05182_1.conda#4f35ae1228a6c5d9df593367ffe8dda1
https://conda.anaconda.org/conda-forge/linux-64/ruff-0.15.1-h40fa522_0.conda#474808b6894605b04bae59ced8210123
https://conda.anaconda.org/conda-forge/noarch/setuptools-82.0.1-pyh332efcf_0.conda#8e194e7b992f99a5015edbd4ebd38efd
https://conda.anaconda.org/conda-forge/noarch/six-1.17.0-pyhe01879c_1.conda#3339e3b65d58accf4ca4fb8748ab16b3
https://conda.anaconda.org/conda-forge/noarch/smmap-5.0.2-pyhd8ed1ab_0.conda#87f47a78808baf2fa1ea9c315a1e48f1
https://conda.anaconda.org/conda-forge/noarch/sniffio-1.3.1-pyhd8ed1ab_2.conda#03fe290994c5e4ec17293cfb6bdce520
https://conda.anaconda.org/conda-forge/noarch/soupsieve-2.8.3-pyhd8ed1ab_0.conda#18de09b20462742fe093ba39185d9bac
https://conda.anaconda.org/conda-forge/noarch/tabulate-0.10.0-pyhcf101f3_0.conda#3b887b7b3468b0f494b4fad40178b043
https://conda.anaconda.org/conda-forge/noarch/tomli-2.4.0-pyhcf101f3_0.conda#72e780e9aa2d0a3295f59b1874e3768b
https://conda.anaconda.org/conda-forge/noarch/tomlkit-0.14.0-pyha770c72_0.conda#385dca77a8b0ec6fa9b92cb62d09b43b
https://conda.anaconda.org/conda-forge/linux-64/tornado-6.5.4-py314h7b0bd38_0.conda#b21d33dc82995326baf7bd1a5719d9b2
https://conda.anaconda.org/conda-forge/noarch/typing_extensions-4.15.0-pyhcf101f3_0.conda#0caa1af407ecff61170c9437a808404d
https://conda.anaconda.org/conda-forge/linux-64/ucx-1.20.0-hf72d326_1.conda#d878a39ba2fc02440785a6a5c4657b09
https://conda.anaconda.org/conda-forge/linux-64/unicodedata2-17.0.1-py314h5bd0f2a_0.conda#494fdf358c152f9fdd0673c128c2f3dd
https://conda.anaconda.org/conda-forge/noarch/xmltodict-0.13.0-pyhd8ed1ab_0.tar.bz2#b5b33faed6ed2b4ba47a690b8f5c0818
https://conda.anaconda.org/conda-forge/linux-64/xorg-libxcomposite-0.4.7-hb03c661_0.conda#f2ba4192d38b6cef2bb2c25029071d90
https://conda.anaconda.org/conda-forge/linux-64/xorg-libxcursor-1.2.3-hb9d3cd8_0.conda#2ccd714aa2242315acaf0a67faea780b
https://conda.anaconda.org/conda-forge/linux-64/xorg-libxdamage-1.1.6-hb9d3cd8_0.conda#b5fcc7172d22516e1f965490e65e33a4
https://conda.anaconda.org/conda-forge/linux-64/xorg-libxi-1.8.2-hb9d3cd8_0.conda#17dcc85db3c7886650b8908b183d6876
https://conda.anaconda.org/conda-forge/linux-64/xorg-libxinerama-1.1.6-hecca717_0.conda#93f5d4b5c17c8540479ad65f206fea51
https://conda.anaconda.org/conda-forge/linux-64/xorg-libxrandr-1.5.5-hb03c661_0.conda#e192019153591938acf7322b6459d36e
https://conda.anaconda.org/conda-forge/linux-64/xorg-libxxf86vm-1.1.7-hb03c661_0.conda#665d152b9c6e78da404086088077c844
https://conda.anaconda.org/conda-forge/noarch/zipp-3.23.0-pyhcf101f3_1.conda#30cd29cb87d819caead4d55184c1d115
https://conda.anaconda.org/conda-forge/linux-64/aws-c-s3-0.11.5-h9b5df67_3.conda#1f130ac4eb7f1dea1ae4b5f53683e3aa
https://conda.anaconda.org/conda-forge/linux-64/azure-identity-cpp-1.13.3-hed0cdb0_1.conda#68bfb556bdf56d56e9f38da696e752ca
https://conda.anaconda.org/conda-forge/linux-64/azure-storage-common-cpp-12.12.0-ha7a2c86_1.conda#6400f73fe5ebe19fe7aca3616f1f1de7
https://conda.anaconda.org/conda-forge/noarch/black-26.1.0-pyh866005b_0.conda#ed31b909bc178fc027544353b6afaf0a
https://conda.anaconda.org/conda-forge/noarch/cached-property-1.5.2-hd8ed1ab_1.tar.bz2#9b347a7ec10940d3f7941ff6c460b551
https://conda.anaconda.org/conda-forge/linux-64/cffi-2.0.0-py314h4a8dc5f_1.conda#cf45f4278afd6f4e6d03eda0f435d527
https://conda.anaconda.org/conda-forge/linux-64/conda-gcc-specs-14.3.0-he8ccf15_17.conda#4e58f090f75b2941346da3685564e7a7
https://conda.anaconda.org/conda-forge/linux-64/coverage-7.13.2-py314h67df5f8_0.conda#ff4ed891a8646b56042ade345ee5c88e
https://conda.anaconda.org/conda-forge/noarch/deepdiff-8.6.1-pyhcf101f3_0.conda#d81c37312f863dcfd88f1e3d5955047a
https://conda.anaconda.org/conda-forge/noarch/dnspython-2.8.0-pyhcf101f3_0.conda#d73fdc05f10693b518f52c994d748c19
https://conda.anaconda.org/conda-forge/noarch/exceptiongroup-1.3.1-pyhd8ed1ab_0.conda#8e662bd460bda79b1ea39194e3c4c9ab
https://conda.anaconda.org/conda-forge/linux-64/fontconfig-2.15.0-h7e30c49_1.conda#8f5b0b297b59e1ac160ad4beec99dbee
https://conda.anaconda.org/conda-forge/noarch/fonttools-4.62.0-pyh7db6752_0.conda#049f68f9c90f00069c748cd6fb7bfb55
https://conda.anaconda.org/conda-forge/linux-64/gcc_linux-64-14.3.0-h298d278_21.conda#1403ed5fe091bd7442e4e8a229d14030
https://conda.anaconda.org/conda-forge/linux-64/gfortran_impl_linux-64-14.3.0-h1a219da_17.conda#ea4724804b89ddc81d16cabe3f4719b5
https://conda.anaconda.org/conda-forge/noarch/gitdb-4.0.12-pyhd8ed1ab_0.conda#7c14f3706e099f8fcd47af2d494616cc
https://conda.anaconda.org/conda-forge/linux-64/gmpy2-2.3.0-py314h28848ee_1.conda#a99b82fda10aecd4ed853172bf4f6a28
https://conda.anaconda.org/conda-forge/linux-64/gxx_impl_linux-64-14.3.0-h2185e75_17.conda#8f02f68c780b0a6eeba034af3ed1c00a
https://conda.anaconda.org/conda-forge/noarch/h2-4.3.0-pyhcf101f3_0.conda#164fc43f0b53b6e3a7bc7dce5e4f1dc9
https://conda.anaconda.org/conda-forge/noarch/importlib-metadata-8.7.0-pyhe01879c_1.conda#63ccfdc3a3ce25b027b8767eb722fca8
https://conda.anaconda.org/conda-forge/noarch/jinja2-3.1.6-pyhcf101f3_1.conda#04558c96691bed63104678757beb4f8d
https://conda.anaconda.org/conda-forge/noarch/latexcodec-2.0.1-pyh9f0ad1d_0.tar.bz2#8d67904973263afd2985ba56aa2d6bb4
https://conda.anaconda.org/conda-forge/noarch/lazy-loader-0.5-pyhd8ed1ab_0.conda#75932da6f03a6bef32b70a51e991f6eb
https://conda.anaconda.org/conda-forge/linux-64/libfabric-2.4.0-ha770c72_1.conda#647939791f2cc2de3b4ecac28d216279
https://conda.anaconda.org/conda-forge/linux-64/libgl-devel-1.7.0-ha4b6fd6_2.conda#53e7cbb2beb03d69a478631e23e340e9
https://conda.anaconda.org/conda-forge/linux-64/libgoogle-cloud-2.39.0-h9d11ab5_1.conda#cd398eb8374fb626a710b7a35b7ffa98
https://conda.anaconda.org/conda-forge/linux-64/libhwloc-2.12.2-default_hafda6a7_1000.conda#0ed3aa3e3e6bc85050d38881673a692f
https://conda.anaconda.org/conda-forge/linux-64/libllvm19-19.1.7-hf7376ad_2.conda#8131707c4e4fac60e6e7da4d532484a4
https://conda.anaconda.org/conda-forge/linux-64/libllvm22-22.1.1-hf7376ad_0.conda#97cc6dad22677304846a798c8a65064d
https://conda.anaconda.org/conda-forge/linux-64/libopentelemetry-cpp-1.21.0-h9692893_2.conda#c3de1cc30bc11edbc98aed352381449d
https://conda.anaconda.org/conda-forge/linux-64/libpq-18.1-h5c52fec_2.conda#a8ac9a6342569d1714ae1b53ae2fcadb
https://conda.anaconda.org/conda-forge/linux-64/libxkbcommon-1.13.1-hca5e8e5_0.conda#2bca1fbb221d9c3c8e3a155784bbc2e9
https://conda.anaconda.org/conda-forge/linux-64/libxslt-1.1.43-h711ed8c_1.conda#87e6096ec6d542d1c1f8b33245fe8300
https://conda.anaconda.org/conda-forge/noarch/livereload-2.7.1-pyhd8ed1ab_0.conda#6b943581a68e8a7ca84660b692466b65
https://conda.anaconda.org/conda-forge/linux-64/numpy-2.4.2-py314h2b28147_1.conda#4ea6b620fdf24a1a0bc4f1c7134dfafb
https://conda.anaconda.org/conda-forge/noarch/plotly-6.6.0-pyhd8ed1ab_0.conda#3e9427ee186846052e81fadde8ebe96a
https://conda.anaconda.org/conda-forge/noarch/pyaml-26.2.1-pyhcf101f3_1.conda#c884653e29de632aa9b5d731e4fad01c
https://conda.anaconda.org/conda-forge/noarch/python-dateutil-2.9.0.post0-pyhe01879c_2.conda#5b8d21249ff20967101ffa321cab24e8
https://conda.anaconda.org/conda-forge/noarch/ruamel.yaml-0.19.1-pyhcf101f3_0.conda#06ad944772941d5dae1e0d09848d8e49
https://conda.anaconda.org/conda-forge/noarch/typing-extensions-4.15.0-h396c80c_0.conda#edd329d7d3a4ab45dcf905899a7a6115
https://conda.anaconda.org/conda-forge/linux-64/ucc-1.6.0-hcedbda0_2.conda#74722935e2c63ff703e14089f07655b9
https://conda.anaconda.org/conda-forge/linux-64/xorg-libxtst-1.2.5-hb9d3cd8_3.conda#7bbe9a0cc0df0ac5f5a8ad6d6a11af2f
https://conda.anaconda.org/conda-forge/linux-64/at-spi2-core-2.40.3-h0630a04_0.tar.bz2#8cb2fc4cd6cc63f1369cfa318f581cc3
https://conda.anaconda.org/conda-forge/linux-64/aws-crt-cpp-0.37.3-hb153662_0.conda#9ce778ddbd927385bf145224e291e2a1
https://conda.anaconda.org/conda-forge/linux-64/azure-storage-blobs-cpp-12.16.0-hdd73cc9_1.conda#939d9ce324e51961c7c4c0046733dbb7
https://conda.anaconda.org/conda-forge/noarch/beautifulsoup4-4.14.3-pyha770c72_0.conda#5267bef8efea4127aacd1f4e1f149b6e
https://conda.anaconda.org/conda-forge/linux-64/cairo-1.18.4-h3394656_0.conda#09262e66b19567aff4f592fb53b28760
https://conda.anaconda.org/conda-forge/linux-64/contourpy-1.3.3-py314h97ea11e_4.conda#95bede9cdb7a30a4b611223d52a01aa4
https://conda.anaconda.org/conda-forge/linux-64/cryptography-46.0.5-py314h7fe84b3_0.conda#a2dd595998bd8e745c54ffdbbdc6dc97
https://conda.anaconda.org/conda-forge/linux-64/gcc-14.3.0-h0dff253_17.conda#dfcfcc0c20762eeb840771eda366940e
https://conda.anaconda.org/conda-forge/linux-64/gfortran_linux-64-14.3.0-hfa02b96_21.conda#234863e90d09d229043af1075fcf8204
https://conda.anaconda.org/conda-forge/noarch/gitpython-3.1.46-pyhd8ed1ab_0.conda#74c0cfdd5359cd2a1f178a4c3d0bd3a5
https://conda.anaconda.org/conda-forge/linux-64/gxx_linux-64-14.3.0-h033eb0a_21.conda#6d74b73ab992940a79260c65e7685fcb
https://conda.anaconda.org/conda-forge/linux-64/imagecodecs-2026.3.6-py314he1f8f65_1.conda#0c933094ba24841b2262f0996112a12f
https://conda.anaconda.org/conda-forge/noarch/imageio-2.37.0-pyhfb79c49_0.conda#b5577bc2212219566578fd5af9993af6
https://conda.anaconda.org/conda-forge/noarch/isort-8.0.1-pyhd8ed1ab_0.conda#98cdd8615792e90da1023bc546f806d9
https://conda.anaconda.org/conda-forge/linux-64/libclang-cpp19.1-19.1.7-default_h99862b1_8.conda#5482e036adbc996d5b2b5c013571fb7f
https://conda.anaconda.org/conda-forge/linux-64/libclang13-22.1.0-default_h746c552_0.conda#140459a7413d8f6884eb68205ce39a0d
https://conda.anaconda.org/conda-forge/linux-64/libegl-devel-1.7.0-ha4b6fd6_2.conda#b513eb83b3137eca1192c34bf4f013a7
https://conda.anaconda.org/conda-forge/linux-64/libgd-2.3.3-h6f5c62b_11.conda#68fc66282364981589ef36868b1a7c78
https://conda.anaconda.org/conda-forge/linux-64/libgoogle-cloud-storage-2.39.0-hdbdcf42_1.conda#384a1730ea66a72692e377cb45996d61
https://conda.anaconda.org/conda-forge/linux-64/libpmix-5.0.8-h9b03745_3.conda#935ac8861a784e8393474b1675f92b3f
https://conda.anaconda.org/conda-forge/linux-64/lxml-6.0.2-py314hae3bed6_2.conda#ddd2ee75713129777aa3e3339f899008
https://conda.anaconda.org/conda-forge/noarch/mako-1.3.10-pyhcf101f3_1.conda#99f74609a309e434f25f0ede5f50580c
https://conda.anaconda.org/conda-forge/linux-64/pandas-3.0.1-py314hb4ffadd_0.conda#23fc526360815090f6bfcd7c6c8e4954
https://conda.anaconda.org/conda-forge/linux-64/psycopg2-2.9.11-py314hf06d13c_0.conda#6dc874392432a96f7402ab501fc1c70e
https://conda.anaconda.org/conda-forge/noarch/pybtex-0.25.1-pyhd8ed1ab_0.conda#9c25a850410220d31085173fbfdfa191
https://conda.anaconda.org/conda-forge/linux-64/pymongo-4.16.0-py314ha160325_0.conda#4c8fe1f4662c40557783942db146769c
https://conda.anaconda.org/conda-forge/linux-64/pynacl-1.6.2-py314h1594a91_1.conda#77fdae6293e45ed38efbc84370b8389e
https://conda.anaconda.org/conda-forge/noarch/pytest-9.0.2-pyhcf101f3_0.conda#2b694bad8a50dc2f712f5368de866480
https://conda.anaconda.org/conda-forge/linux-64/scipy-1.17.1-py314hf07bd8e_0.conda#d0510124f87c75403090e220db1e9d41
https://conda.anaconda.org/conda-forge/noarch/sympy-1.14.0-pyh2585a3b_106.conda#32d866e43b25275f61566b9391ccb7b5
https://conda.anaconda.org/conda-forge/noarch/uncertainties-3.2.4-pyhd8ed1ab_0.conda#6a0480bcfc93c9fbd0a19466fb9419d2
https://conda.anaconda.org/conda-forge/noarch/urllib3-2.6.3-pyhd8ed1ab_0.conda#9272daa869e03efe68833e3dc7a02130
https://conda.anaconda.org/conda-forge/linux-64/at-spi2-atk-2.38.0-h0630a04_3.tar.bz2#6b889f174df1e0f816276ae69281af4d
https://conda.anaconda.org/conda-forge/linux-64/aws-sdk-cpp-1.11.747-h133b1ee_1.conda#36afc05aac7c7f516749cdd3b5e978d9
https://conda.anaconda.org/conda-forge/linux-64/azure-storage-files-datalake-cpp-12.14.0-h52c5a47_1.conda#6d10339800840562b7dad7775f5d2c16
https://conda.anaconda.org/conda-forge/linux-64/clang-format-19-19.1.7-default_h99862b1_8.conda#54ef2ef577f53bfcd72a06d9f17ddfa1
https://conda.anaconda.org/conda-forge/linux-64/epoxy-1.5.10-hb03c661_2.conda#057083b06ccf1c2778344b6dabace38b
https://conda.anaconda.org/conda-forge/linux-64/gfortran-14.3.0-h76987e4_17.conda#329ef645bc2f75b4025cba573810e178
https://conda.anaconda.org/conda-forge/linux-64/gxx-14.3.0-h76987e4_17.conda#eae8e3fb1f5eecb829dd7347d33ecacb
https://conda.anaconda.org/conda-forge/linux-64/harfbuzz-12.2.0-h15599e2_0.conda#b8690f53007e9b5ee2c2178dd4ac778c
https://conda.anaconda.org/conda-forge/linux-64/matplotlib-base-3.10.8-py314h1194b4b_0.conda#b8683e6068099b69c10dbfcf7204203f
https://conda.anaconda.org/conda-forge/linux-64/openmpi-5.0.8-h611b0e2_111.conda#93c7c61f1a87894da811a584df22d126
https://conda.anaconda.org/conda-forge/noarch/paramiko-4.0.0-pyhd8ed1ab_0.conda#1a884d2b1ea21abfb73911dcdb8342e4
https://conda.anaconda.org/conda-forge/noarch/pycobertura-4.1.0-pyhcf101f3_0.conda#46d7c14c8fa15bb16577d4788701eb5f
https://conda.anaconda.org/conda-forge/noarch/pylint-4.0.5-pyhcf101f3_0.conda#7d9916ed19ecda71f0b00963365252a7
https://conda.anaconda.org/conda-forge/noarch/pytest-cov-7.0.0-pyhcf101f3_1.conda#6891acad5e136cb62a8c2ed2679d6528
https://conda.anaconda.org/conda-forge/noarch/requests-2.32.5-pyhcf101f3_1.conda#c65df89a0b2e321045a9e01d1337b182
https://conda.anaconda.org/conda-forge/noarch/tifffile-2026.3.3-pyhd8ed1ab_0.conda#cecacab21bc8f4ed17fac11bc8b08cf0
https://conda.anaconda.org/conda-forge/linux-64/clang-format-19.1.7-default_h99862b1_8.conda#fe1dc1cc38f2ee2fb03e4e8582610038
https://conda.anaconda.org/conda-forge/linux-64/hdf5-1.14.6-mpi_openmpi_h8367ee7_6.conda#a5bfbbd80f7d2595ef6e513257acbe75
https://conda.anaconda.org/conda-forge/linux-64/libarrow-23.0.1-hf605819_4_cpu.conda#67a646e10ae89bca5ea51784160f6e2f
https://conda.software.inl.gov/public/linux-64/moose-python-2026.02.16-openmpi.conda#a9905cf9d4c35ba9b230a51730675f86
https://conda.anaconda.org/conda-forge/linux-64/openmpi-mpicc-5.0.8-h1cc1e73_111.conda#cfa18e1d99e1459988b2174a5f2338ec
https://conda.anaconda.org/conda-forge/linux-64/openmpi-mpicxx-5.0.8-hd8dbe0e_111.conda#fa665bca6f3fcc23f95401e5ef9e06be
https://conda.anaconda.org/conda-forge/linux-64/openmpi-mpifort-5.0.8-h941a651_111.conda#74e0ebe58ae65c21e0323bda6f5e44d8
https://conda.anaconda.org/conda-forge/linux-64/pango-1.56.4-hadf4263_0.conda#79f71230c069a287efe3a8614069ddf1
https://conda.anaconda.org/conda-forge/linux-64/scikit-image-0.26.0-np2py314hda1ea4c_0.conda#50d6faa367ca045c438d3bb25315b476
https://conda.anaconda.org/conda-forge/linux-64/clang-tools-19.1.7-default_h57a47db_8.conda#7d31d4596aa49d96a55e931ae8a4693d
https://conda.anaconda.org/conda-forge/linux-64/gtk3-3.24.43-h993cebd_6.conda#f9f33c65b20e6a61f21714785e3613ec
https://conda.anaconda.org/conda-forge/linux-64/h5py-3.15.1-nompi_py314hc32fe06_101.conda#d5f709371311de1343675757978a50d5
https://conda.anaconda.org/conda-forge/linux-64/libarrow-compute-23.0.1-h53684a4_4_cpu.conda#c1c5caac6cd765606e5f3285d8fc3a40
https://conda.anaconda.org/conda-forge/linux-64/libparquet-23.0.1-h7376487_4_cpu.conda#ecc6a87df60b48824fca2f3027eaaa8f
https://conda.anaconda.org/conda-forge/linux-64/librsvg-2.60.2-h61e6d4b_0.conda#d62da3d560992bfa2feb611d7be813b8
https://conda.software.inl.gov/public/linux-64/moose-mpi-base-2026.02.16-openmpi.conda#e14cd6925fcf140aa93b5394a5730b30
https://conda.anaconda.org/conda-forge/noarch/adwaita-icon-theme-49.0-unix_0.conda#b3f0179590f3c0637b7eb5309898f79e
https://conda.anaconda.org/conda-forge/linux-64/libarrow-acero-23.0.1-h635bf11_4_cpu.conda#710409d5a7908333633a845f9f665488
https://conda.software.inl.gov/public/linux-64/moose-mpi-2026.02.16-openmpi.conda#100c8f42b3d271bcb152e02e33c17cf4
https://conda.anaconda.org/conda-forge/linux-64/pyarrow-core-23.0.1-py314h969be7f_0_cpu.conda#97c21b0d5952f4e0f80bb790df1a5c88
https://conda.anaconda.org/conda-forge/linux-64/graphviz-14.0.4-h87b6fe6_0.conda#c15fe9d5cf69ba949b2e44c97e9bf709
https://conda.anaconda.org/conda-forge/linux-64/libarrow-dataset-23.0.1-h635bf11_4_cpu.conda#9b42e3a38fa716174aeeefa36b3c0e24
https://conda.software.inl.gov/public/linux-64/moose-libmesh-vtk-9.6.0-openmpi_0.conda#c5b477605cac700cbacf993bb6a1837f
https://conda.software.inl.gov/public/linux-64/moose-petsc-3.24.4-openmpi_0.conda#1dc73c74491b48598a2a0ed423b2a26f
https://conda.anaconda.org/conda-forge/linux-64/libarrow-substrait-23.0.1-hb4dd7c2_4_cpu.conda#466afa302c7781270b75dc504165ddc6
https://conda.software.inl.gov/public/linux-64/moose-libmesh-2026.02.18_f8a1758-openmpi_0.conda#3c93c3888f0759e14619524bd70fe0e7
https://conda.anaconda.org/conda-forge/linux-64/pyarrow-23.0.1-py314hdafbbf9_0.conda#860f29e99f5b5f15b0d6a21166588bab
https://conda.software.inl.gov/public/linux-64/moose-tools-2026.02.16-py314hc4e95f2_0.conda#be8e948cb36bb6a161c569bc6b00012b
https://conda.software.inl.gov/public/linux-64/moose-dev-2026.02.20-openmpi.conda#b78b0a32ab042b68395ba05f9fe717cc
